
Microsoft Visual Studio Solution File, Format Version 12.00
# Visual Studio Version 17
VisualStudioVersion = 17.7.34024.191
MinimumVisualStudioVersion = 10.0.40219.1
Project("{FAE04EC0-301F-11D3-BF4B-00C04F79EFBC}") = "API", "API\API.csproj", "{8EF16D3B-A4A4-4528-A31E-3AC34E50EE0F}"
EndProject
Project("{FAE04EC0-301F-11D3-BF4B-00C04F79EFBC}") = "WebApp", "WebApp\WebApp.csproj", "{8EA1800C-2038-4AE6-9549-130B03ADBE57}"
EndProject
Global
	GlobalSection(SolutionConfigurationPlatforms) = preSolution
		Debug|Any CPU = Debug|Any CPU
		Release|Any CPU = Release|Any CPU
	EndGlobalSection
	GlobalSection(ProjectConfigurationPlatforms) = postSolution
		{8EF16D3B-A4A4-4528-A31E-3AC34E50EE0F}.Debug|Any CPU.ActiveCfg = Debug|Any CPU
		{8EF16D3B-A4A4-4528-A31E-3AC34E50EE0F}.Debug|Any CPU.Build.0 = Debug|Any CPU
		{8EF16D3B-A4A4-4528-A31E-3AC34E50EE0F}.Release|Any CPU.ActiveCfg = Release|Any CPU
		{8EF16D3B-A4A4-4528-A31E-3AC34E50EE0F}.Release|Any CPU.Build.0 = Release|Any CPU
		{8EA1800C-2038-4AE6-9549-130B03ADBE57}.Debug|Any CPU.ActiveCfg = Debug|Any CPU
		{8EA1800C-2038-4AE6-9549-130B03ADBE57}.Debug|Any CPU.Build.0 = Debug|Any CPU
		{8EA1800C-2038-4AE6-9549-130B03ADBE57}.Release|Any CPU.ActiveCfg = Release|Any CPU
		{8EA1800C-2038-4AE6-9549-130B03ADBE57}.Release|Any CPU.Build.0 = Release|Any CPU
	EndGlobalSection
	GlobalSection(SolutionProperties) = preSolution
		HideSolutionNode = FALSE
	EndGlobalSection
	GlobalSection(ExtensibilityGlobals) = postSolution
		SolutionGuid = {FB2A7EF4-AAF5-4CE7-B798-2341A699F6BC}
	EndGlobalSection
EndGlobal
